
Microsoft Visual Studio Solution File, Format Version 12.00
# Visual Studio 15
Project("{FAE04EC0-301F-11D3-BF4B-00C04F79EFBC}") = "TrackerApi", "TrackerApi\TrackerApi.csproj", "{55154013-88D4-4BCA-958D-30FE3C1D4CE8}"
EndProject
Global
	GlobalSection(SolutionConfigurationPlatforms) = preSolution
		Debug|Any CPU = Debug|Any CPU
		Release|Any CPU = Release|Any CPU
	EndGlobalSection
	GlobalSection(ProjectConfigurationPlatforms) = postSolution
		{55154013-88D4-4BCA-958D-30FE3C1D4CE8}.Debug|Any CPU.ActiveCfg = Debug|Any CPU
		{55154013-88D4-4BCA-958D-30FE3C1D4CE8}.Debug|Any CPU.Build.0 = Debug|Any CPU
		{55154013-88D4-4BCA-958D-30FE3C1D4CE8}.Release|Any CPU.ActiveCfg = Release|Any CPU
		{55154013-88D4-4BCA-958D-30FE3C1D4CE8}.Release|Any CPU.Build.0 = Release|Any CPU
	EndGlobalSection
EndGlobal
